{
  "name": "gatsby-starter-lumen",
  "version": "3.0.3",
  "lockfileVersion": 1,
  "requires": true,
  "dependencies": {
    "@babel/runtime": {
      "version": "7.6.3",
      "resolved": "https://registry.npmjs.org/@babel/runtime/-/runtime-7.6.3.tgz",
      "integrity": "sha512-kq6anf9JGjW8Nt5rYfEuGRaEAaH1mkv3Bbu6rYvLOpPh/RusSJXuKPEAoZ7L7gybZkchE8+NV5g9vKF4AGAtsA==",
      "requires": {
        "regenerator-runtime": "^0.13.2"
      }
    },
    "gatsby-plugin-google-analytics": {
      "version": "2.1.23",
      "resolved": "https://registry.npmjs.org/gatsby-plugin-google-analytics/-/gatsby-plugin-google-analytics-2.1.23.tgz",
      "integrity": "sha512-pVGGYRnx6zIDvKPmhWaK7U2coec1F1ZIGe8326hV5E/2EtgVaVsRXAiCnGrLfHs/lEVs03t6DaemomtktM57gg==",
      "requires": {
        "@babel/runtime": "^7.6.3"
      }
    },
    "regenerator-runtime": {
      "version": "0.13.3",
      "resolved": "https://registry.npmjs.org/regenerator-runtime/-/regenerator-runtime-0.13.3.tgz",
      "integrity": "sha512-naKIZz2GQ8JWh///G7L3X6LaQUAMp2lvb1rvwwsURe/VXwD6VMfr+/1NuNw3ag8v2kY1aQ/go5SNn79O9JU7yw=="
    }
  }
}
